// !$*UTF8*$!
{
	archiveVersion = 1;
	classes = {
	};
	objectVersion = 56;
	objects = {

/* Begin PBXBuildFile section */
		DC24E2CC2C9156A400CA74FC /* LoginView.swift in Sources */ = {isa = PBXBuildFile; fileRef = DC24E2CB2C9156A400CA74FC /* LoginView.swift */; };
		DC24E2CE2C91648D00CA74FC /* RegisterView.swift in Sources */ = {isa = PBXBuildFile; fileRef = DC24E2CD2C91648D00CA74FC /* RegisterView.swift */; };
		DC24E2D02C91656900CA74FC /* MainView.swift in Sources */ = {isa = PBXBuildFile; fileRef = DC24E2CF2C91656900CA74FC /* MainView.swift */; };
		DC24E2D22C916A1500CA74FC /* PrimitiveView.swift in Sources */ = {isa = PBXBuildFile; fileRef = DC24E2D12C916A1400CA74FC /* PrimitiveView.swift */; };
		DC24E2D42C916B0900CA74FC /* AppBar.swift in Sources */ = {isa = PBXBuildFile; fileRef = DC24E2D32C916B0900CA74FC /* AppBar.swift */; };
		DC24E2D82C916C1800CA74FC /* CustomButtonWidget.swift in Sources */ = {isa = PBXBuildFile; fileRef = DC24E2D72C916C1800CA74FC /* CustomButtonWidget.swift */; };
		DC24E2DA2C916E4F00CA74FC /* ScreenNavigationView.swift in Sources */ = {isa = PBXBuildFile; fileRef = DC24E2D92C916E4F00CA74FC /* ScreenNavigationView.swift */; };
		DC52C7A62C6787D800FA9CB4 /* FloatingActionButtons.swift in Sources */ = {isa = PBXBuildFile; fileRef = DC52C7A52C6787D800FA9CB4 /* FloatingActionButtons.swift */; };
		DC52C7A82C679D6800FA9CB4 /* CardCell.swift in Sources */ = {isa = PBXBuildFile; fileRef = DC52C7A72C679D6800FA9CB4 /* CardCell.swift */; };
		DC5D32C72C4E6B6100D6EA61 /* SwiftUIApp.swift in Sources */ = {isa = PBXBuildFile; fileRef = DC5D32C62C4E6B6100D6EA61 /* SwiftUIApp.swift */; };
		DC5D32C92C4E6B6100D6EA61 /* ObjectView.swift in Sources */ = {isa = PBXBuildFile; fileRef = DC5D32C82C4E6B6100D6EA61 /* ObjectView.swift */; };
		DC5D32CD2C4E6B6300D6EA61 /* Assets.xcassets in Resources */ = {isa = PBXBuildFile; fileRef = DC5D32CC2C4E6B6300D6EA61 /* Assets.xcassets */; };
		DC5D32D02C4E6B6300D6EA61 /* Preview Assets.xcassets in Resources */ = {isa = PBXBuildFile; fileRef = DC5D32CF2C4E6B6300D6EA61 /* Preview Assets.xcassets */; };
		DC5D32D72C4E9D7000D6EA61 /* ObjectViewModel.swift in Sources */ = {isa = PBXBuildFile; fileRef = DC5D32D62C4E9D7000D6EA61 /* ObjectViewModel.swift */; };
		DC5D32D92C4E9E8000D6EA61 /* CustomModel.swift in Sources */ = {isa = PBXBuildFile; fileRef = DC5D32D82C4E9E8000D6EA61 /* CustomModel.swift */; };
/* End PBXBuildFile section */

/* Begin PBXFileReference section */
		DC24E2CB2C9156A400CA74FC /* LoginView.swift */ = {isa = PBXFileReference; lastKnownFileType = sourcecode.swift; path = LoginView.swift; sourceTree = "<group>"; };
		DC24E2CD2C91648D00CA74FC /* RegisterView.swift */ = {isa = PBXFileReference; lastKnownFileType = sourcecode.swift; path = RegisterView.swift; sourceTree = "<group>"; };
		DC24E2CF2C91656900CA74FC /* MainView.swift */ = {isa = PBXFileReference; lastKnownFileType = sourcecode.swift; path = MainView.swift; sourceTree = "<group>"; };
		DC24E2D12C916A1400CA74FC /* PrimitiveView.swift */ = {isa = PBXFileReference; lastKnownFileType = sourcecode.swift; path = PrimitiveView.swift; sourceTree = "<group>"; };
		DC24E2D32C916B0900CA74FC /* AppBar.swift */ = {isa = PBXFileReference; lastKnownFileType = sourcecode.swift; path = AppBar.swift; sourceTree = "<group>"; };
		DC24E2D72C916C1800CA74FC /* CustomButtonWidget.swift */ = {isa = PBXFileReference; lastKnownFileType = sourcecode.swift; path = CustomButtonWidget.swift; sourceTree = "<group>"; };
		DC24E2D92C916E4F00CA74FC /* ScreenNavigationView.swift */ = {isa = PBXFileReference; lastKnownFileType = sourcecode.swift; path = ScreenNavigationView.swift; sourceTree = "<group>"; };
		DC52C7A52C6787D800FA9CB4 /* FloatingActionButtons.swift */ = {isa = PBXFileReference; lastKnownFileType = sourcecode.swift; path = FloatingActionButtons.swift; sourceTree = "<group>"; };
		DC52C7A72C679D6800FA9CB4 /* CardCell.swift */ = {isa = PBXFileReference; lastKnownFileType = sourcecode.swift; path = CardCell.swift; sourceTree = "<group>"; };
		DC5D32C32C4E6B6100D6EA61 /* SwiftUIApp.app */ = {isa = PBXFileReference; explicitFileType = wrapper.application; includeInIndex = 0; path = SwiftUIApp.app; sourceTree = BUILT_PRODUCTS_DIR; };
		DC5D32C62C4E6B6100D6EA61 /* SwiftUIApp.swift */ = {isa = PBXFileReference; lastKnownFileType = sourcecode.swift; path = SwiftUIApp.swift; sourceTree = "<group>"; };
		DC5D32C82C4E6B6100D6EA61 /* ObjectView.swift */ = {isa = PBXFileReference; lastKnownFileType = sourcecode.swift; path = ObjectView.swift; sourceTree = "<group>"; };
		DC5D32CC2C4E6B6300D6EA61 /* Assets.xcassets */ = {isa = PBXFileReference; lastKnownFileType = folder.assetcatalog; path = Assets.xcassets; sourceTree = "<group>"; };
		DC5D32CF2C4E6B6300D6EA61 /* Preview Assets.xcassets */ = {isa = PBXFileReference; lastKnownFileType = folder.assetcatalog; path = "Preview Assets.xcassets"; sourceTree = "<group>"; };
		DC5D32D62C4E9D7000D6EA61 /* ObjectViewModel.swift */ = {isa = PBXFileReference; lastKnownFileType = sourcecode.swift; path = ObjectViewModel.swift; sourceTree = "<group>"; };
		DC5D32D82C4E9E8000D6EA61 /* CustomModel.swift */ = {isa = PBXFileReference; lastKnownFileType = sourcecode.swift; path = CustomModel.swift; sourceTree = "<group>"; };
/* End PBXFileReference section */

/* Begin PBXFrameworksBuildPhase section */
		DC5D32C02C4E6B6100D6EA61 /* Frameworks */ = {
			isa = PBXFrameworksBuildPhase;
			buildActionMask = 2147483647;
			files = (
			);
			runOnlyForDeploymentPostprocessing = 0;
		};
/* End PBXFrameworksBuildPhase section */

/* Begin PBXGroup section */
		DC5D32BA2C4E6B6100D6EA61 = {
			isa = PBXGroup;
			children = (
				DC24E2D32C916B0900CA74FC /* AppBar.swift */,
				DC5D32C52C4E6B6100D6EA61 /* SwiftUIApp */,
				DC5D32C42C4E6B6100D6EA61 /* Products */,
			);
			sourceTree = "<group>";
		};
		DC5D32C42C4E6B6100D6EA61 /* Products */ = {
			isa = PBXGroup;
			children = (
				DC5D32C32C4E6B6100D6EA61 /* SwiftUIApp.app */,
			);
			name = Products;
			sourceTree = "<group>";
		};
		DC5D32C52C4E6B6100D6EA61 /* SwiftUIApp */ = {
			isa = PBXGroup;
			children = (
				DC52C7A72C679D6800FA9CB4 /* CardCell.swift */,
				DC5D32D82C4E9E8000D6EA61 /* CustomModel.swift */,
				DC5D32D62C4E9D7000D6EA61 /* ObjectViewModel.swift */,
				DC5D32C62C4E6B6100D6EA61 /* SwiftUIApp.swift */,
				DC5D32C82C4E6B6100D6EA61 /* ObjectView.swift */,
				DC24E2CD2C91648D00CA74FC /* RegisterView.swift */,
				DC24E2CF2C91656900CA74FC /* MainView.swift */,
				DC24E2D72C916C1800CA74FC /* CustomButtonWidget.swift */,
				DC24E2D12C916A1400CA74FC /* PrimitiveView.swift */,
				DC24E2CB2C9156A400CA74FC /* LoginView.swift */,
				DC24E2D92C916E4F00CA74FC /* ScreenNavigationView.swift */,
				DC52C7A52C6787D800FA9CB4 /* FloatingActionButtons.swift */,
				DC5D32CC2C4E6B6300D6EA61 /* Assets.xcassets */,
				DC5D32CE2C4E6B6300D6EA61 /* Preview Content */,
			);
			path = SwiftUIApp;
			sourceTree = "<group>";
		};
		DC5D32CE2C4E6B6300D6EA61 /* Preview Content */ = {
			isa = PBXGroup;
			children = (
				DC5D32CF2C4E6B6300D6EA61 /* Preview Assets.xcassets */,
			);
			path = "Preview Content";
			sourceTree = "<group>";
		};
/* End PBXGroup section */

/* Begin PBXNativeTarget section */
		DC5D32C22C4E6B6100D6EA61 /* SwiftUIApp */ = {
			isa = PBXNativeTarget;
			buildConfigurationList = DC5D32D32C4E6B6300D6EA61 /* Build configuration list for PBXNativeTarget "SwiftUIApp" */;
			buildPhases = (
				DC5D32BF2C4E6B6100D6EA61 /* Sources */,
				DC5D32C02C4E6B6100D6EA61 /* Frameworks */,
				DC5D32C12C4E6B6100D6EA61 /* Resources */,
			);
			buildRules = (
			);
			dependencies = (
			);
			name = SwiftUIApp;
			productName = SwiftUIApp;
			productReference = DC5D32C32C4E6B6100D6EA61 /* SwiftUIApp.app */;
			productType = "com.apple.product-type.application";
		};
/* End PBXNativeTarget section */

/* Begin PBXProject section */
		DC5D32BB2C4E6B6100D6EA61 /* Project object */ = {
			isa = PBXProject;
			attributes = {
				BuildIndependentTargetsInParallel = 1;
				LastSwiftUpdateCheck = 1540;
				LastUpgradeCheck = 1540;
				TargetAttributes = {
					DC5D32C22C4E6B6100D6EA61 = {
						CreatedOnToolsVersion = 15.4;
					};
				};
			};
			buildConfigurationList = DC5D32BE2C4E6B6100D6EA61 /* Build configuration list for PBXProject "SwiftUIApp" */;
			compatibilityVersion = "Xcode 14.0";
			developmentRegion = en;
			hasScannedForEncodings = 0;
			knownRegions = (
				en,
				Base,
			);
			mainGroup = DC5D32BA2C4E6B6100D6EA61;
			productRefGroup = DC5D32C42C4E6B6100D6EA61 /* Products */;
			projectDirPath = "";
			projectRoot = "";
			targets = (
				DC5D32C22C4E6B6100D6EA61 /* SwiftUIApp */,
			);
		};
/* End PBXProject section */

/* Begin PBXResourcesBuildPhase section */
		DC5D32C12C4E6B6100D6EA61 /* Resources */ = {
			isa = PBXResourcesBuildPhase;
			buildActionMask = 2147483647;
			files = (
				DC5D32D02C4E6B6300D6EA61 /* Preview Assets.xcassets in Resources */,
				DC5D32CD2C4E6B6300D6EA61 /* Assets.xcassets in Resources */,
			);
			runOnlyForDeploymentPostprocessing = 0;
		};
/* End PBXResourcesBuildPhase section */

/* Begin PBXSourcesBuildPhase section */
		DC5D32BF2C4E6B6100D6EA61 /* Sources */ = {
			isa = PBXSourcesBuildPhase;
			buildActionMask = 2147483647;
			files = (
				DC24E2CE2C91648D00CA74FC /* RegisterView.swift in Sources */,
				DC24E2D42C916B0900CA74FC /* AppBar.swift in Sources */,
				DC52C7A82C679D6800FA9CB4 /* CardCell.swift in Sources */,
				DC5D32C92C4E6B6100D6EA61 /* ObjectView.swift in Sources */,
				DC24E2D02C91656900CA74FC /* MainView.swift in Sources */,
				DC24E2D82C916C1800CA74FC /* CustomButtonWidget.swift in Sources */,
				DC52C7A62C6787D800FA9CB4 /* FloatingActionButtons.swift in Sources */,
				DC5D32D92C4E9E8000D6EA61 /* CustomModel.swift in Sources */,
				DC5D32D72C4E9D7000D6EA61 /* ObjectViewModel.swift in Sources */,
				DC24E2DA2C916E4F00CA74FC /* ScreenNavigationView.swift in Sources */,
				DC24E2D22C916A1500CA74FC /* PrimitiveView.swift in Sources */,
				DC24E2CC2C9156A400CA74FC /* LoginView.swift in Sources */,
				DC5D32C72C4E6B6100D6EA61 /* SwiftUIApp.swift in Sources */,
			);
			runOnlyForDeploymentPostprocessing = 0;
		};
/* End PBXSourcesBuildPhase section */

/* Begin XCBuildConfiguration section */
		DC5D32D12C4E6B6300D6EA61 /* Debug */ = {
			isa = XCBuildConfiguration;
			buildSettings = {
				ALWAYS_SEARCH_USER_PATHS = NO;
				ASSETCATALOG_COMPILER_GENERATE_SWIFT_ASSET_SYMBOL_EXTENSIONS = YES;
				CLANG_ANALYZER_NONNULL = YES;
				CLANG_ANALYZER_NUMBER_OBJECT_CONVERSION = YES_AGGRESSIVE;
				CLANG_CXX_LANGUAGE_STANDARD = "gnu++20";
				CLANG_ENABLE_MODULES = YES;
				CLANG_ENABLE_OBJC_ARC = YES;
				CLANG_ENABLE_OBJC_WEAK = YES;
				CLANG_WARN_BLOCK_CAPTURE_AUTORELEASING = YES;
				CLANG_WARN_BOOL_CONVERSION = YES;
				CLANG_WARN_COMMA = YES;
				CLANG_WARN_CONSTANT_CONVERSION = YES;
				CLANG_WARN_DEPRECATED_OBJC_IMPLEMENTATIONS = YES;
				CLANG_WARN_DIRECT_OBJC_ISA_USAGE = YES_ERROR;
				CLANG_WARN_DOCUMENTATION_COMMENTS = YES;
				CLANG_WARN_EMPTY_BODY = YES;
				CLANG_WARN_ENUM_CONVERSION = YES;
				CLANG_WARN_INFINITE_RECURSION = YES;
				CLANG_WARN_INT_CONVERSION = YES;
				CLANG_WARN_NON_LITERAL_NULL_CONVERSION = YES;
				CLANG_WARN_OBJC_IMPLICIT_RETAIN_SELF = YES;
				CLANG_WARN_OBJC_LITERAL_CONVERSION = YES;
				CLANG_WARN_OBJC_ROOT_CLASS = YES_ERROR;
				CLANG_WARN_QUOTED_INCLUDE_IN_FRAMEWORK_HEADER = YES;
				CLANG_WARN_RANGE_LOOP_ANALYSIS = YES;
				CLANG_WARN_STRICT_PROTOTYPES = YES;
				CLANG_WARN_SUSPICIOUS_MOVE = YES;
				CLANG_WARN_UNGUARDED_AVAILABILITY = YES_AGGRESSIVE;
				CLANG_WARN_UNREACHABLE_CODE = YES;
				CLANG_WARN__DUPLICATE_METHOD_MATCH = YES;
				COPY_PHASE_STRIP = NO;
				DEBUG_INFORMATION_FORMAT = dwarf;
				ENABLE_STRICT_OBJC_MSGSEND = YES;
				ENABLE_TESTABILITY = YES;
				ENABLE_USER_SCRIPT_SANDBOXING = YES;
				GCC_C_LANGUAGE_STANDARD = gnu17;
				GCC_DYNAMIC_NO_PIC = NO;
				GCC_NO_COMMON_BLOCKS = YES;
				GCC_OPTIMIZATION_LEVEL = 0;
				GCC_PREPROCESSOR_DEFINITIONS = (
					"DEBUG=1",
					"$(inherited)",
				);
				GCC_WARN_64_TO_32_BIT_CONVERSION = YES;
				GCC_WARN_ABOUT_RETURN_TYPE = YES_ERROR;
				GCC_WARN_UNDECLARED_SELECTOR = YES;
				GCC_WARN_UNINITIALIZED_AUTOS = YES_AGGRESSIVE;
				GCC_WARN_UNUSED_FUNCTION = YES;
				GCC_WARN_UNUSED_VARIABLE = YES;
				IPHONEOS_DEPLOYMENT_TARGET = 17.5;
				LOCALIZATION_PREFERS_STRING_CATALOGS = YES;
				MTL_ENABLE_DEBUG_INFO = INCLUDE_SOURCE;
				MTL_FAST_MATH = YES;
				ONLY_ACTIVE_ARCH = YES;
				SDKROOT = iphoneos;
				SWIFT_ACTIVE_COMPILATION_CONDITIONS = "DEBUG $(inherited)";
				SWIFT_OPTIMIZATION_LEVEL = "-Onone";
			};
			name = Debug;
		};
		DC5D32D22C4E6B6300D6EA61 /* Release */ = {
			isa = XCBuildConfiguration;
			buildSettings = {
				ALWAYS_SEARCH_USER_PATHS = NO;
				ASSETCATALOG_COMPILER_GENERATE_SWIFT_ASSET_SYMBOL_EXTENSIONS = YES;
				CLANG_ANALYZER_NONNULL = YES;
				CLANG_ANALYZER_NUMBER_OBJECT_CONVERSION = YES_AGGRESSIVE;
				CLANG_CXX_LANGUAGE_STANDARD = "gnu++20";
				CLANG_ENABLE_MODULES = YES;
				CLANG_ENABLE_OBJC_ARC = YES;
				CLANG_ENABLE_OBJC_WEAK = YES;
				CLANG_WARN_BLOCK_CAPTURE_AUTORELEASING = YES;
				CLANG_WARN_BOOL_CONVERSION = YES;
				CLANG_WARN_COMMA = YES;
				CLANG_WARN_CONSTANT_CONVERSION = YES;
				CLANG_WARN_DEPRECATED_OBJC_IMPLEMENTATIONS = YES;
				CLANG_WARN_DIRECT_OBJC_ISA_USAGE = YES_ERROR;
				CLANG_WARN_DOCUMENTATION_COMMENTS = YES;
				CLANG_WARN_EMPTY_BODY = YES;
				CLANG_WARN_ENUM_CONVERSION = YES;
				CLANG_WARN_INFINITE_RECURSION = YES;
				CLANG_WARN_INT_CONVERSION = YES;
				CLANG_WARN_NON_LITERAL_NULL_CONVERSION = YES;
				CLANG_WARN_OBJC_IMPLICIT_RETAIN_SELF = YES;
				CLANG_WARN_OBJC_LITERAL_CONVERSION = YES;
				CLANG_WARN_OBJC_ROOT_CLASS = YES_ERROR;
				CLANG_WARN_QUOTED_INCLUDE_IN_FRAMEWORK_HEADER = YES;
				CLANG_WARN_RANGE_LOOP_ANALYSIS = YES;
				CLANG_WARN_STRICT_PROTOTYPES = YES;
				CLANG_WARN_SUSPICIOUS_MOVE = YES;
				CLANG_WARN_UNGUARDED_AVAILABILITY = YES_AGGRESSIVE;
				CLANG_WARN_UNREACHABLE_CODE = YES;
				CLANG_WARN__DUPLICATE_METHOD_MATCH = YES;
				COPY_PHASE_STRIP = NO;
				DEBUG_INFORMATION_FORMAT = "dwarf-with-dsym";
				ENABLE_NS_ASSERTIONS = NO;
				ENABLE_STRICT_OBJC_MSGSEND = YES;
				ENABLE_USER_SCRIPT_SANDBOXING = YES;
				GCC_C_LANGUAGE_STANDARD = gnu17;
				GCC_NO_COMMON_BLOCKS = YES;
				GCC_WARN_64_TO_32_BIT_CONVERSION = YES;
				GCC_WARN_ABOUT_RETURN_TYPE = YES_ERROR;
				GCC_WARN_UNDECLARED_SELECTOR = YES;
				GCC_WARN_UNINITIALIZED_AUTOS = YES_AGGRESSIVE;
				GCC_WARN_UNUSED_FUNCTION = YES;
				GCC_WARN_UNUSED_VARIABLE = YES;
				IPHONEOS_DEPLOYMENT_TARGET = 17.5;
				LOCALIZATION_PREFERS_STRING_CATALOGS = YES;
				MTL_ENABLE_DEBUG_INFO = NO;
				MTL_FAST_MATH = YES;
				SDKROOT = iphoneos;
				SWIFT_COMPILATION_MODE = wholemodule;
				VALIDATE_PRODUCT = YES;
			};
			name = Release;
		};
		DC5D32D42C4E6B6300D6EA61 /* Debug */ = {
			isa = XCBuildConfiguration;
			buildSettings = {
				ASSETCATALOG_COMPILER_APPICON_NAME = AppIcon;
				ASSETCATALOG_COMPILER_GLOBAL_ACCENT_COLOR_NAME = AccentColor;
				CODE_SIGN_STYLE = Automatic;
				CURRENT_PROJECT_VERSION = 1;
				DEVELOPMENT_ASSET_PATHS = "\"SwiftUIApp/Preview Content\"";
				ENABLE_PREVIEWS = YES;
				GENERATE_INFOPLIST_FILE = YES;
				INFOPLIST_KEY_UIApplicationSceneManifest_Generation = YES;
				INFOPLIST_KEY_UIApplicationSupportsIndirectInputEvents = YES;
				INFOPLIST_KEY_UILaunchScreen_Generation = YES;
				INFOPLIST_KEY_UISupportedInterfaceOrientations_iPad = "UIInterfaceOrientationPortrait UIInterfaceOrientationPortraitUpsideDown UIInterfaceOrientationLandscapeLeft UIInterfaceOrientationLandscapeRight";
				INFOPLIST_KEY_UISupportedInterfaceOrientations_iPhone = "UIInterfaceOrientationPortrait UIInterfaceOrientationLandscapeLeft UIInterfaceOrientationLandscapeRight";
				LD_RUNPATH_SEARCH_PATHS = (
					"$(inherited)",
					"@executable_path/Frameworks",
				);
				MARKETING_VERSION = 1.0;
				PRODUCT_BUNDLE_IDENTIFIER = com.sample.SwiftUIApp;
				PRODUCT_NAME = "$(TARGET_NAME)";
				SWIFT_EMIT_LOC_STRINGS = YES;
				SWIFT_VERSION = 5.0;
				TARGETED_DEVICE_FAMILY = "1,2";
			};
			name = Debug;
		};
		DC5D32D52C4E6B6300D6EA61 /* Release */ = {
			isa = XCBuildConfiguration;
			buildSettings = {
				ASSETCATALOG_COMPILER_APPICON_NAME = AppIcon;
				ASSETCATALOG_COMPILER_GLOBAL_ACCENT_COLOR_NAME = AccentColor;
				CODE_SIGN_STYLE = Automatic;
				CURRENT_PROJECT_VERSION = 1;
				DEVELOPMENT_ASSET_PATHS = "\"SwiftUIApp/Preview Content\"";
				ENABLE_PREVIEWS = YES;
				GENERATE_INFOPLIST_FILE = YES;
				INFOPLIST_KEY_UIApplicationSceneManifest_Generation = YES;
				INFOPLIST_KEY_UIApplicationSupportsIndirectInputEvents = YES;
				INFOPLIST_KEY_UILaunchScreen_Generation = YES;
				INFOPLIST_KEY_UISupportedInterfaceOrientations_iPad = "UIInterfaceOrientationPortrait UIInterfaceOrientationPortraitUpsideDown UIInterfaceOrientationLandscapeLeft UIInterfaceOrientationLandscapeRight";
				INFOPLIST_KEY_UISupportedInterfaceOrientations_iPhone = "UIInterfaceOrientationPortrait UIInterfaceOrientationLandscapeLeft UIInterfaceOrientationLandscapeRight";
				LD_RUNPATH_SEARCH_PATHS = (
					"$(inherited)",
					"@executable_path/Frameworks",
				);
				MARKETING_VERSION = 1.0;
				PRODUCT_BUNDLE_IDENTIFIER = com.sample.SwiftUIApp;
				PRODUCT_NAME = "$(TARGET_NAME)";
				SWIFT_EMIT_LOC_STRINGS = YES;
				SWIFT_VERSION = 5.0;
				TARGETED_DEVICE_FAMILY = "1,2";
			};
			name = Release;
		};
/* End XCBuildConfiguration section */

/* Begin XCConfigurationList section */
		DC5D32BE2C4E6B6100D6EA61 /* Build configuration list for PBXProject "SwiftUIApp" */ = {
			isa = XCConfigurationList;
			buildConfigurations = (
				DC5D32D12C4E6B6300D6EA61 /* Debug */,
				DC5D32D22C4E6B6300D6EA61 /* Release */,
			);
			defaultConfigurationIsVisible = 0;
			defaultConfigurationName = Release;
		};
		DC5D32D32C4E6B6300D6EA61 /* Build configuration list for PBXNativeTarget "SwiftUIApp" */ = {
			isa = XCConfigurationList;
			buildConfigurations = (
				DC5D32D42C4E6B6300D6EA61 /* Debug */,
				DC5D32D52C4E6B6300D6EA61 /* Release */,
			);
			defaultConfigurationIsVisible = 0;
			defaultConfigurationName = Release;
		};
/* End XCConfigurationList section */
	};
	rootObject = DC5D32BB2C4E6B6100D6EA61 /* Project object */;
}
